// !$*UTF8*$!
{
	archiveVersion = 1;
	classes = {
	};
	objectVersion = 56;
	objects = {

/* Begin PBXBuildFile section */
		2B3C4D5E6F00000000010101 /* FastPackageTestAppApp.swift in Sources */ = {isa = PBXBuildFile; fileRef = 2B3C4D5E6F00000000000601 /* FastPackageTestAppApp.swift */; };
		2B3C4D5E6F00000000010201 /* ContentView.swift in Sources */ = {isa = PBXBuildFile; fileRef = 2B3C4D5E6F00000000000701 /* ContentView.swift */; };
		2B3C4D5E6F00000000010301 /* Assets.xcassets in Resources */ = {isa = PBXBuildFile; fileRef = 2B3C4D5E6F00000000000901 /* Assets.xcassets */; };
		7A77B90BB5E6D72DE6FC5AC6 /* Pods_FastPackageTestApp.framework in Frameworks */ = {isa = PBXBuildFile; fileRef = 3E4A1E7D89EBD5BF433A121F /* Pods_FastPackageTestApp.framework */; };
/* End PBXBuildFile section */

/* Begin PBXFileReference section */
		2B3C4D5E6F00000000000501 /* FastPackageTestApp.app */ = {isa = PBXFileReference; explicitFileType = wrapper.application; includeInIndex = 0; path = FastPackageTestApp.app; sourceTree = BUILT_PRODUCTS_DIR; };
		2B3C4D5E6F00000000000601 /* FastPackageTestAppApp.swift */ = {isa = PBXFileReference; lastKnownFileType = sourcecode.swift; path = FastPackageTestAppApp.swift; sourceTree = "<group>"; };
		2B3C4D5E6F00000000000701 /* ContentView.swift */ = {isa = PBXFileReference; lastKnownFileType = sourcecode.swift; path = ContentView.swift; sourceTree = "<group>"; };
		2B3C4D5E6F00000000000801 /* Info.plist */ = {isa = PBXFileReference; lastKnownFileType = text.plist.xml; path = Info.plist; sourceTree = "<group>"; };
		2B3C4D5E6F00000000000901 /* Assets.xcassets */ = {isa = PBXFileReference; lastKnownFileType = folder.assetcatalog; path = Assets.xcassets; sourceTree = "<group>"; };
		3E4A1E7D89EBD5BF433A121F /* Pods_FastPackageTestApp.framework */ = {isa = PBXFileReference; explicitFileType = wrapper.framework; includeInIndex = 0; path = Pods_FastPackageTestApp.framework; sourceTree = BUILT_PRODUCTS_DIR; };
		7E716A793C1A8E3E231544D9 /* Pods-FastPackageTestApp.release.xcconfig */ = {isa = PBXFileReference; includeInIndex = 1; lastKnownFileType = text.xcconfig; name = "Pods-FastPackageTestApp.release.xcconfig"; path = "Target Support Files/Pods-FastPackageTestApp/Pods-FastPackageTestApp.release.xcconfig"; sourceTree = "<group>"; };
		BA7A7F6F1593CC383DF99CE0 /* Pods-FastPackageTestApp.debug.xcconfig */ = {isa = PBXFileReference; includeInIndex = 1; lastKnownFileType = text.xcconfig; name = "Pods-FastPackageTestApp.debug.xcconfig"; path = "Target Support Files/Pods-FastPackageTestApp/Pods-FastPackageTestApp.debug.xcconfig"; sourceTree = "<group>"; };
/* End PBXFileReference section */

/* Begin PBXFrameworksBuildPhase section */
		2B3C4D5E6F00000000000B01 /* Frameworks */ = {
			isa = PBXFrameworksBuildPhase;
			buildActionMask = 2147483647;
			files = (
				7A77B90BB5E6D72DE6FC5AC6 /* Pods_FastPackageTestApp.framework in Frameworks */,
			);
			runOnlyForDeploymentPostprocessing = 0;
		};
/* End PBXFrameworksBuildPhase section */

/* Begin PBXGroup section */
		2B3C4D5E6F00000000000301 = {
			isa = PBXGroup;
			children = (
				2B3C4D5E6F00000000001501 /* FastPackageTestApp */,
				2B3C4D5E6F00000000000401 /* Products */,
				86A8D427278CB0F8F221B082 /* Pods */,
				DB6CF84CA32EE0F8B041085A /* Frameworks */,
			);
			sourceTree = "<group>";
		};
		2B3C4D5E6F00000000000401 /* Products */ = {
			isa = PBXGroup;
			children = (
				2B3C4D5E6F00000000000501 /* FastPackageTestApp.app */,
			);
			name = Products;
			sourceTree = "<group>";
		};
		2B3C4D5E6F00000000001501 /* FastPackageTestApp */ = {
			isa = PBXGroup;
			children = (
				2B3C4D5E6F00000000000601 /* FastPackageTestAppApp.swift */,
				2B3C4D5E6F00000000000701 /* ContentView.swift */,
				2B3C4D5E6F00000000000901 /* Assets.xcassets */,
				2B3C4D5E6F00000000000801 /* Info.plist */,
			);
			path = FastPackageTestApp;
			sourceTree = "<group>";
		};
		86A8D427278CB0F8F221B082 /* Pods */ = {
			isa = PBXGroup;
			children = (
				BA7A7F6F1593CC383DF99CE0 /* Pods-FastPackageTestApp.debug.xcconfig */,
				7E716A793C1A8E3E231544D9 /* Pods-FastPackageTestApp.release.xcconfig */,
			);
			name = Pods;
			path = Pods;
			sourceTree = "<group>";
		};
		DB6CF84CA32EE0F8B041085A /* Frameworks */ = {
			isa = PBXGroup;
			children = (
				3E4A1E7D89EBD5BF433A121F /* Pods_FastPackageTestApp.framework */,
			);
			name = Frameworks;
			sourceTree = "<group>";
		};
/* End PBXGroup section */

/* Begin PBXNativeTarget section */
		2B3C4D5E6F00000000000201 /* FastPackageTestApp */ = {
			isa = PBXNativeTarget;
			buildConfigurationList = 2B3C4D5E6F00000000001401 /* Build configuration list for PBXNativeTarget "FastPackageTestApp" */;
			buildPhases = (
				5D33B0E25BD64D30AA3E71CE /* [CP] Check Pods Manifest.lock */,
				2B3C4D5E6F00000000000A01 /* Sources */,
				2B3C4D5E6F00000000000B01 /* Frameworks */,
				2B3C4D5E6F00000000000C01 /* Resources */,
				94A34457A720AEC76F93A686 /* [CP] Embed Pods Frameworks */,
			);
			buildRules = (
			);
			dependencies = (
			);
			name = FastPackageTestApp;
			productName = FastPackageTestApp;
			productReference = 2B3C4D5E6F00000000000501 /* FastPackageTestApp.app */;
			productType = "com.apple.product-type.application";
		};
/* End PBXNativeTarget section */

/* Begin PBXProject section */
		2B3C4D5E6F00000000000101 /* Project object */ = {
			isa = PBXProject;
			attributes = {
				BuildIndependentTargetsInParallel = 1;
				LastSwiftUpdateCheck = 1500;
				LastUpgradeCheck = 1500;
				TargetAttributes = {
					2B3C4D5E6F00000000000201 = {
						CreatedOnToolsVersion = 15.0;
					};
				};
			};
			buildConfigurationList = 2B3C4D5E6F00000000001301 /* Build configuration list for PBXProject "FastPackageTestApp" */;
			compatibilityVersion = "Xcode 14.0";
			developmentRegion = en;
			hasScannedForEncodings = 0;
			knownRegions = (
				en,
				Base,
			);
			mainGroup = 2B3C4D5E6F00000000000301;
			productRefGroup = 2B3C4D5E6F00000000000401 /* Products */;
			projectDirPath = "";
			projectRoot = "";
			targets = (
				2B3C4D5E6F00000000000201 /* FastPackageTestApp */,
			);
		};
/* End PBXProject section */

/* Begin PBXResourcesBuildPhase section */
		2B3C4D5E6F00000000000C01 /* Resources */ = {
			isa = PBXResourcesBuildPhase;
			buildActionMask = 2147483647;
			files = (
				2B3C4D5E6F00000000010301 /* Assets.xcassets in Resources */,
			);
			runOnlyForDeploymentPostprocessing = 0;
		};
/* End PBXResourcesBuildPhase section */

/* Begin PBXShellScriptBuildPhase section */
		5D33B0E25BD64D30AA3E71CE /* [CP] Check Pods Manifest.lock */ = {
			isa = PBXShellScriptBuildPhase;
			buildActionMask = 2147483647;
			files = (
			);
			inputFileListPaths = (
			);
			inputPaths = (
				"${PODS_PODFILE_DIR_PATH}/Podfile.lock",
				"${PODS_ROOT}/Manifest.lock",
			);
			name = "[CP] Check Pods Manifest.lock";
			outputFileListPaths = (
			);
			outputPaths = (
				"$(DERIVED_FILE_DIR)/Pods-FastPackageTestApp-checkManifestLockResult.txt",
			);
			runOnlyForDeploymentPostprocessing = 0;
			shellPath = /bin/sh;
			shellScript = "diff \"${PODS_PODFILE_DIR_PATH}/Podfile.lock\" \"${PODS_ROOT}/Manifest.lock\" > /dev/null\nif [ $? != 0 ] ; then\n    # print error to STDERR\n    echo \"error: The sandbox is not in sync with the Podfile.lock. Run 'pod install' or update your CocoaPods installation.\" >&2\n    exit 1\nfi\n# This output is used by Xcode 'outputs' to avoid re-running this script phase.\necho \"SUCCESS\" > \"${SCRIPT_OUTPUT_FILE_0}\"\n";
			showEnvVarsInLog = 0;
		};
		94A34457A720AEC76F93A686 /* [CP] Embed Pods Frameworks */ = {
			isa = PBXShellScriptBuildPhase;
			buildActionMask = 2147483647;
			files = (
			);
			inputFileListPaths = (
				"${PODS_ROOT}/Target Support Files/Pods-FastPackageTestApp/Pods-FastPackageTestApp-frameworks-${CONFIGURATION}-input-files.xcfilelist",
			);
			name = "[CP] Embed Pods Frameworks";
			outputFileListPaths = (
				"${PODS_ROOT}/Target Support Files/Pods-FastPackageTestApp/Pods-FastPackageTestApp-frameworks-${CONFIGURATION}-output-files.xcfilelist",
			);
			runOnlyForDeploymentPostprocessing = 0;
			shellPath = /bin/sh;
			shellScript = "\"${PODS_ROOT}/Target Support Files/Pods-FastPackageTestApp/Pods-FastPackageTestApp-frameworks.sh\"\n";
			showEnvVarsInLog = 0;
		};
/* End PBXShellScriptBuildPhase section */

/* Begin PBXSourcesBuildPhase section */
		2B3C4D5E6F00000000000A01 /* Sources */ = {
			isa = PBXSourcesBuildPhase;
			buildActionMask = 2147483647;
			files = (
				2B3C4D5E6F00000000010201 /* ContentView.swift in Sources */,
				2B3C4D5E6F00000000010101 /* FastPackageTestAppApp.swift in Sources */,
			);
			runOnlyForDeploymentPostprocessing = 0;
		};
/* End PBXSourcesBuildPhase section */

/* Begin XCBuildConfiguration section */
		2B3C4D5E6F00000000000F01 /* Debug */ = {
			isa = XCBuildConfiguration;
			buildSettings = {
				ALWAYS_SEARCH_USER_PATHS = NO;
				CLANG_ENABLE_MODULES = YES;
				CLANG_ENABLE_OBJC_ARC = YES;
				COPY_PHASE_STRIP = NO;
				DEBUG_INFORMATION_FORMAT = dwarf;
				ENABLE_STRICT_OBJC_MSGSEND = YES;
				ENABLE_TESTABILITY = YES;
				GCC_DYNAMIC_NO_PIC = NO;
				GCC_OPTIMIZATION_LEVEL = 0;
				GCC_PREPROCESSOR_DEFINITIONS = (
					"DEBUG=1",
					"$(inherited)",
				);
				IPHONEOS_DEPLOYMENT_TARGET = 14.0;
				MTL_ENABLE_DEBUG_INFO = INCLUDE_SOURCE;
				ONLY_ACTIVE_ARCH = YES;
				SDKROOT = iphoneos;
				SWIFT_ACTIVE_COMPILATION_CONDITIONS = DEBUG;
				SWIFT_OPTIMIZATION_LEVEL = "-Onone";
			};
			name = Debug;
		};
		2B3C4D5E6F00000000001001 /* Release */ = {
			isa = XCBuildConfiguration;
			buildSettings = {
				ALWAYS_SEARCH_USER_PATHS = NO;
				CLANG_ENABLE_MODULES = YES;
				CLANG_ENABLE_OBJC_ARC = YES;
				COPY_PHASE_STRIP = NO;
				DEBUG_INFORMATION_FORMAT = "dwarf-with-dsym";
				ENABLE_NS_ASSERTIONS = NO;
				ENABLE_STRICT_OBJC_MSGSEND = YES;
				GCC_OPTIMIZATION_LEVEL = s;
				IPHONEOS_DEPLOYMENT_TARGET = 14.0;
				MTL_ENABLE_DEBUG_INFO = NO;
				SDKROOT = iphoneos;
				SWIFT_COMPILATION_MODE = wholemodule;
				VALIDATE_PRODUCT = YES;
			};
			name = Release;
		};
		2B3C4D5E6F00000000001101 /* Debug */ = {
			isa = XCBuildConfiguration;
			baseConfigurationReference = BA7A7F6F1593CC383DF99CE0 /* Pods-FastPackageTestApp.debug.xcconfig */;
			buildSettings = {
				ASSETCATALOG_COMPILER_GLOBAL_ACCENT_COLOR_NAME = AccentColor;
				CODE_SIGN_STYLE = Automatic;
				CURRENT_PROJECT_VERSION = 1;
				DEVELOPMENT_TEAM = "";
				ENABLE_PREVIEWS = YES;
				GENERATE_INFOPLIST_FILE = NO;
				INFOPLIST_FILE = FastPackageTestApp/Info.plist;
				LD_RUNPATH_SEARCH_PATHS = (
					"$(inherited)",
					"@executable_path/Frameworks",
				);
				MARKETING_VERSION = 1.0;
				PRODUCT_BUNDLE_IDENTIFIER = com.fastpackage.testapp.cocoapods;
				PRODUCT_NAME = "$(TARGET_NAME)";
				SWIFT_EMIT_LOC_STRINGS = YES;
				SWIFT_VERSION = 5.0;
				TARGETED_DEVICE_FAMILY = "1,2";
			};
			name = Debug;
		};
		2B3C4D5E6F00000000001201 /* Release */ = {
			isa = XCBuildConfiguration;
			baseConfigurationReference = 7E716A793C1A8E3E231544D9 /* Pods-FastPackageTestApp.release.xcconfig */;
			buildSettings = {
				ASSETCATALOG_COMPILER_GLOBAL_ACCENT_COLOR_NAME = AccentColor;
				CODE_SIGN_STYLE = Automatic;
				CURRENT_PROJECT_VERSION = 1;
				DEVELOPMENT_TEAM = "";
				ENABLE_PREVIEWS = YES;
				GENERATE_INFOPLIST_FILE = NO;
				INFOPLIST_FILE = FastPackageTestApp/Info.plist;
				LD_RUNPATH_SEARCH_PATHS = (
					"$(inherited)",
					"@executable_path/Frameworks",
				);
				MARKETING_VERSION = 1.0;
				PRODUCT_BUNDLE_IDENTIFIER = com.fastpackage.testapp.cocoapods;
				PRODUCT_NAME = "$(TARGET_NAME)";
				SWIFT_EMIT_LOC_STRINGS = YES;
				SWIFT_VERSION = 5.0;
				TARGETED_DEVICE_FAMILY = "1,2";
			};
			name = Release;
		};
/* End XCBuildConfiguration section */

/* Begin XCConfigurationList section */
		2B3C4D5E6F00000000001301 /* Build configuration list for PBXProject "FastPackageTestApp" */ = {
			isa = XCConfigurationList;
			buildConfigurations = (
				2B3C4D5E6F00000000000F01 /* Debug */,
				2B3C4D5E6F00000000001001 /* Release */,
			);
			defaultConfigurationIsVisible = 0;
			defaultConfigurationName = Release;
		};
		2B3C4D5E6F00000000001401 /* Build configuration list for PBXNativeTarget "FastPackageTestApp" */ = {
			isa = XCConfigurationList;
			buildConfigurations = (
				2B3C4D5E6F00000000001101 /* Debug */,
				2B3C4D5E6F00000000001201 /* Release */,
			);
			defaultConfigurationIsVisible = 0;
			defaultConfigurationName = Release;
		};
/* End XCConfigurationList section */
	};
	rootObject = 2B3C4D5E6F00000000000101 /* Project object */;
}
